
Microsoft Visual Studio Solution File, Format Version 12.00
# Visual Studio Version 17
VisualStudioVersion = 17.3.32922.545
MinimumVisualStudioVersion = 10.0.40219.1
Project("{FAE04EC0-301F-11D3-BF4B-00C04F79EFBC}") = "Proiect Fis", "Proiect Fis\Proiect Fis.csproj", "{43F6926F-F10F-46D2-B50C-C9A64AF3A4A1}"
EndProject
Project("{FAE04EC0-301F-11D3-BF4B-00C04F79EFBC}") = "TestBriscPaulAlexandru", "TestBriscPaulAlexandru\TestBriscPaulAlexandru.csproj", "{A23B0E23-6BCC-4FDA-917D-63B946C6A404}"
EndProject
Project("{FAE04EC0-301F-11D3-BF4B-00C04F79EFBC}") = "TestBreiPaul", "TestBreiPaul2\TestBreiPaul.csproj", "{CDF4E746-805D-4BFA-94ED-095D9CEDEBB0}"
EndProject
Global
	GlobalSection(SolutionConfigurationPlatforms) = preSolution
		Debug|Any CPU = Debug|Any CPU
		Release|Any CPU = Release|Any CPU
	EndGlobalSection
	GlobalSection(ProjectConfigurationPlatforms) = postSolution
		{43F6926F-F10F-46D2-B50C-C9A64AF3A4A1}.Debug|Any CPU.ActiveCfg = Debug|Any CPU
		{43F6926F-F10F-46D2-B50C-C9A64AF3A4A1}.Debug|Any CPU.Build.0 = Debug|Any CPU
		{43F6926F-F10F-46D2-B50C-C9A64AF3A4A1}.Release|Any CPU.ActiveCfg = Release|Any CPU
		{43F6926F-F10F-46D2-B50C-C9A64AF3A4A1}.Release|Any CPU.Build.0 = Release|Any CPU
		{A23B0E23-6BCC-4FDA-917D-63B946C6A404}.Debug|Any CPU.ActiveCfg = Debug|Any CPU
		{A23B0E23-6BCC-4FDA-917D-63B946C6A404}.Debug|Any CPU.Build.0 = Debug|Any CPU
		{A23B0E23-6BCC-4FDA-917D-63B946C6A404}.Release|Any CPU.ActiveCfg = Release|Any CPU
		{A23B0E23-6BCC-4FDA-917D-63B946C6A404}.Release|Any CPU.Build.0 = Release|Any CPU
		{CDF4E746-805D-4BFA-94ED-095D9CEDEBB0}.Debug|Any CPU.ActiveCfg = Debug|Any CPU
		{CDF4E746-805D-4BFA-94ED-095D9CEDEBB0}.Debug|Any CPU.Build.0 = Debug|Any CPU
		{CDF4E746-805D-4BFA-94ED-095D9CEDEBB0}.Release|Any CPU.ActiveCfg = Release|Any CPU
		{CDF4E746-805D-4BFA-94ED-095D9CEDEBB0}.Release|Any CPU.Build.0 = Release|Any CPU
	EndGlobalSection
	GlobalSection(SolutionProperties) = preSolution
		HideSolutionNode = FALSE
	EndGlobalSection
	GlobalSection(ExtensibilityGlobals) = postSolution
		SolutionGuid = {4D08BED6-8FB0-4733-8B85-9672BE4CD29F}
	EndGlobalSection
EndGlobal
